
Microsoft Visual Studio Solution File, Format Version 12.00
# Visual Studio Version 17
VisualStudioVersion = 17.0.31903.59
MinimumVisualStudioVersion = 10.0.40219.1
Project("{FAE04EC0-301F-11D3-BF4B-00C04F79EFBC}") = "DataExport.Core", "DataExport.Core\DataExport.Core.csproj", "{4BAE4B1E-0498-4765-A3AA-F76F16E286DF}"
EndProject
Project("{FAE04EC0-301F-11D3-BF4B-00C04F79EFBC}") = "DataExport.Worker", "DataExport.Worker\DataExport.Worker.csproj", "{F4071440-03A9-45E1-929E-C1316C14A00C}"
EndProject
Global
	GlobalSection(SolutionConfigurationPlatforms) = preSolution
		Debug|Any CPU = Debug|Any CPU
		Debug|x64 = Debug|x64
		Debug|x86 = Debug|x86
		Release|Any CPU = Release|Any CPU
		Release|x64 = Release|x64
		Release|x86 = Release|x86
	EndGlobalSection
	GlobalSection(ProjectConfigurationPlatforms) = postSolution
		{4BAE4B1E-0498-4765-A3AA-F76F16E286DF}.Debug|Any CPU.ActiveCfg = Debug|Any CPU
		{4BAE4B1E-0498-4765-A3AA-F76F16E286DF}.Debug|Any CPU.Build.0 = Debug|Any CPU
		{4BAE4B1E-0498-4765-A3AA-F76F16E286DF}.Debug|x64.ActiveCfg = Debug|Any CPU
		{4BAE4B1E-0498-4765-A3AA-F76F16E286DF}.Debug|x64.Build.0 = Debug|Any CPU
		{4BAE4B1E-0498-4765-A3AA-F76F16E286DF}.Debug|x86.ActiveCfg = Debug|Any CPU
		{4BAE4B1E-0498-4765-A3AA-F76F16E286DF}.Debug|x86.Build.0 = Debug|Any CPU
		{4BAE4B1E-0498-4765-A3AA-F76F16E286DF}.Release|Any CPU.ActiveCfg = Release|Any CPU
		{4BAE4B1E-0498-4765-A3AA-F76F16E286DF}.Release|Any CPU.Build.0 = Release|Any CPU
		{4BAE4B1E-0498-4765-A3AA-F76F16E286DF}.Release|x64.ActiveCfg = Release|Any CPU
		{4BAE4B1E-0498-4765-A3AA-F76F16E286DF}.Release|x64.Build.0 = Release|Any CPU
		{4BAE4B1E-0498-4765-A3AA-F76F16E286DF}.Release|x86.ActiveCfg = Release|Any CPU
		{4BAE4B1E-0498-4765-A3AA-F76F16E286DF}.Release|x86.Build.0 = Release|Any CPU
		{F4071440-03A9-45E1-929E-C1316C14A00C}.Debug|Any CPU.ActiveCfg = Debug|Any CPU
		{F4071440-03A9-45E1-929E-C1316C14A00C}.Debug|Any CPU.Build.0 = Debug|Any CPU
		{F4071440-03A9-45E1-929E-C1316C14A00C}.Debug|x64.ActiveCfg = Debug|Any CPU
		{F4071440-03A9-45E1-929E-C1316C14A00C}.Debug|x64.Build.0 = Debug|Any CPU
		{F4071440-03A9-45E1-929E-C1316C14A00C}.Debug|x86.ActiveCfg = Debug|Any CPU
		{F4071440-03A9-45E1-929E-C1316C14A00C}.Debug|x86.Build.0 = Debug|Any CPU
		{F4071440-03A9-45E1-929E-C1316C14A00C}.Release|Any CPU.ActiveCfg = Release|Any CPU
		{F4071440-03A9-45E1-929E-C1316C14A00C}.Release|Any CPU.Build.0 = Release|Any CPU
		{F4071440-03A9-45E1-929E-C1316C14A00C}.Release|x64.ActiveCfg = Release|Any CPU
		{F4071440-03A9-45E1-929E-C1316C14A00C}.Release|x64.Build.0 = Release|Any CPU
		{F4071440-03A9-45E1-929E-C1316C14A00C}.Release|x86.ActiveCfg = Release|Any CPU
		{F4071440-03A9-45E1-929E-C1316C14A00C}.Release|x86.Build.0 = Release|Any CPU
	EndGlobalSection
	GlobalSection(SolutionProperties) = preSolution
		HideSolutionNode = FALSE
	EndGlobalSection
EndGlobal
